# @generated - this file is auto-generated by `mise lock` https://mise.jdx.dev/dev-tools/mise-lock.html

[[tools.terraform]]
version = "1.15.8"
backend = "aqua:hashicorp/terraform"

[tools.terraform."platforms.linux-arm64"]
checksum = "sha256:8891e9dcedc9e3b8950bc6af9d4d8af1f4cfade3062f53b9dc403a89f6ce8c9c"
url = "https://releases.hashicorp.com/terraform/1.15.8/terraform_1.15.8_linux_arm64.zip"

[tools.terraform."platforms.linux-arm64-musl"]
checksum = "sha256:8891e9dcedc9e3b8950bc6af9d4d8af1f4cfade3062f53b9dc403a89f6ce8c9c"
url = "https://releases.hashicorp.com/terraform/1.15.8/terraform_1.15.8_linux_arm64.zip"

[tools.terraform."platforms.linux-x64"]
checksum = "sha256:d25ce7b6902013ad905db3d2eab0be4cd905887fe88b81a6171b8d5503c31f3d"
url = "https://releases.hashicorp.com/terraform/1.15.8/terraform_1.15.8_linux_amd64.zip"

[tools.terraform."platforms.linux-x64-musl"]
checksum = "sha256:d25ce7b6902013ad905db3d2eab0be4cd905887fe88b81a6171b8d5503c31f3d"
url = "https://releases.hashicorp.com/terraform/1.15.8/terraform_1.15.8_linux_amd64.zip"

[tools.terraform."platforms.macos-arm64"]
checksum = "sha256:f210110c5698b94d803a7a63cdb0251b5455c150841478808e2bbb343f95ed68"
url = "https://releases.hashicorp.com/terraform/1.15.8/terraform_1.15.8_darwin_arm64.zip"

[tools.terraform."platforms.macos-x64"]
checksum = "sha256:e2e812e783771159bf758fd4e55d6dc9bb08f63e2af2c63d212721807a02c5dc"
url = "https://releases.hashicorp.com/terraform/1.15.8/terraform_1.15.8_darwin_amd64.zip"

[tools.terraform."platforms.windows-x64"]
checksum = "sha256:2ff41d2129afb1982733c132c61a8d6ef038f879f3aeede7fc28b8b8b24acf02"
url = "https://releases.hashicorp.com/terraform/1.15.8/terraform_1.15.8_windows_amd64.zip"

[[tools.tflint]]
version = "0.64.0"
backend = "aqua:terraform-linters/tflint"

[tools.tflint."platforms.linux-arm64"]
checksum = "sha256:560da89aacf59389d4eb029730dd5b109b7288096c32f2726a0d9e783a5ea8eb"
url = "https://github.com/terraform-linters/tflint/releases/download/v0.64.0/tflint_linux_arm64.zip"
url_api = "https://api.github.com/repos/terraform-linters/tflint/releases/assets/480528325"
provenance = "github-attestations"

[tools.tflint."platforms.linux-arm64-musl"]
checksum = "sha256:560da89aacf59389d4eb029730dd5b109b7288096c32f2726a0d9e783a5ea8eb"
url = "https://github.com/terraform-linters/tflint/releases/download/v0.64.0/tflint_linux_arm64.zip"
url_api = "https://api.github.com/repos/terraform-linters/tflint/releases/assets/480528325"
provenance = "github-attestations"

[tools.tflint."platforms.linux-x64"]
checksum = "sha256:cca9d13e2e1d7a2c627af60ff899a3c9b74212899416aeb96ec764d2ef954537"
url = "https://github.com/terraform-linters/tflint/releases/download/v0.64.0/tflint_linux_amd64.zip"
url_api = "https://api.github.com/repos/terraform-linters/tflint/releases/assets/480528344"
provenance = "github-attestations"

[tools.tflint."platforms.linux-x64-musl"]
checksum = "sha256:cca9d13e2e1d7a2c627af60ff899a3c9b74212899416aeb96ec764d2ef954537"
url = "https://github.com/terraform-linters/tflint/releases/download/v0.64.0/tflint_linux_amd64.zip"
url_api = "https://api.github.com/repos/terraform-linters/tflint/releases/assets/480528344"
provenance = "github-attestations"

[tools.tflint."platforms.macos-arm64"]
checksum = "sha256:2496e9cb3d24992d553b45e7c87a0fdc9449ca975233876247a9bfeda857e6c0"
url = "https://github.com/terraform-linters/tflint/releases/download/v0.64.0/tflint_darwin_arm64.zip"
url_api = "https://api.github.com/repos/terraform-linters/tflint/releases/assets/480528349"
provenance = "github-attestations"

[tools.tflint."platforms.macos-x64"]
checksum = "sha256:0f3a9fd17526014646a2dfc3f9122f7b4161abe3d6b0f0f03f9014483ddf4d19"
url = "https://github.com/terraform-linters/tflint/releases/download/v0.64.0/tflint_darwin_amd64.zip"
url_api = "https://api.github.com/repos/terraform-linters/tflint/releases/assets/480528324"
provenance = "github-attestations"

[tools.tflint."platforms.windows-x64"]
checksum = "sha256:fb42fb859d844b156a8ea9d3363078c4d8b85ca78782e60876b08c9b8e59f303"
url = "https://github.com/terraform-linters/tflint/releases/download/v0.64.0/tflint_windows_amd64.zip"
url_api = "https://api.github.com/repos/terraform-linters/tflint/releases/assets/480528323"
provenance = "github-attestations"
